
Microsoft Visual Studio Solution File, Format Version 12.00
# Visual Studio 15
VisualStudioVersion = 15.0.28307.168
MinimumVisualStudioVersion = 10.0.40219.1
Project("{FAE04EC0-301F-11D3-BF4B-00C04F79EFBC}") = "lab11-MyFirstMVCApp", "lab11-MyFirstMVCApp\lab11-MyFirstMVCApp.csproj", "{90778125-8475-49B0-9677-8573096A758D}"
EndProject
Global
	GlobalSection(SolutionConfigurationPlatforms) = preSolution
		Debug|Any CPU = Debug|Any CPU
		Release|Any CPU = Release|Any CPU
	EndGlobalSection
	GlobalSection(ProjectConfigurationPlatforms) = postSolution
		{90778125-8475-49B0-9677-8573096A758D}.Debug|Any CPU.ActiveCfg = Debug|Any CPU
		{90778125-8475-49B0-9677-8573096A758D}.Debug|Any CPU.Build.0 = Debug|Any CPU
		{90778125-8475-49B0-9677-8573096A758D}.Release|Any CPU.ActiveCfg = Release|Any CPU
		{90778125-8475-49B0-9677-8573096A758D}.Release|Any CPU.Build.0 = Release|Any CPU
	EndGlobalSection
	GlobalSection(SolutionProperties) = preSolution
		HideSolutionNode = FALSE
	EndGlobalSection
	GlobalSection(ExtensibilityGlobals) = postSolution
		SolutionGuid = {1BA25E58-06F9-44B1-B473-44993CDD58A7}
	EndGlobalSection
EndGlobal
